
Microsoft Visual Studio Solution File, Format Version 12.00
# Visual Studio Version 16
VisualStudioVersion = 16.0.31112.23
MinimumVisualStudioVersion = 10.0.40219.1
Project("{FAE04EC0-301F-11D3-BF4B-00C04F79EFBC}") = "FractalsForms", "FractalsForms\FractalsForms.csproj", "{0F6E4C77-053B-4687-9315-0933FD2CDB13}"
EndProject
Global
	GlobalSection(SolutionConfigurationPlatforms) = preSolution
		Debug|Any CPU = Debug|Any CPU
		Release|Any CPU = Release|Any CPU
	EndGlobalSection
	GlobalSection(ProjectConfigurationPlatforms) = postSolution
		{0F6E4C77-053B-4687-9315-0933FD2CDB13}.Debug|Any CPU.ActiveCfg = Debug|Any CPU
		{0F6E4C77-053B-4687-9315-0933FD2CDB13}.Debug|Any CPU.Build.0 = Debug|Any CPU
		{0F6E4C77-053B-4687-9315-0933FD2CDB13}.Release|Any CPU.ActiveCfg = Release|Any CPU
		{0F6E4C77-053B-4687-9315-0933FD2CDB13}.Release|Any CPU.Build.0 = Release|Any CPU
	EndGlobalSection
	GlobalSection(SolutionProperties) = preSolution
		HideSolutionNode = FALSE
	EndGlobalSection
	GlobalSection(ExtensibilityGlobals) = postSolution
		SolutionGuid = {BDE5B96A-9A37-4FE5-A9EA-EE274DDA0F27}
	EndGlobalSection
EndGlobal
